
Microsoft Visual Studio Solution File, Format Version 12.00
# Visual Studio Version 16
VisualStudioVersion = 16.0.30717.126
MinimumVisualStudioVersion = 10.0.40219.1
Project("{FAE04EC0-301F-11D3-BF4B-00C04F79EFBC}") = "EFCoreManyToMany", "EFCoreManyToMany\EFCoreManyToMany.csproj", "{DDC90F1B-7275-4DBF-87A7-75F053F80AEF}"
EndProject
Global
	GlobalSection(SolutionConfigurationPlatforms) = preSolution
		Debug|Any CPU = Debug|Any CPU
		Release|Any CPU = Release|Any CPU
	EndGlobalSection
	GlobalSection(ProjectConfigurationPlatforms) = postSolution
		{DDC90F1B-7275-4DBF-87A7-75F053F80AEF}.Debug|Any CPU.ActiveCfg = Debug|Any CPU
		{DDC90F1B-7275-4DBF-87A7-75F053F80AEF}.Debug|Any CPU.Build.0 = Debug|Any CPU
		{DDC90F1B-7275-4DBF-87A7-75F053F80AEF}.Release|Any CPU.ActiveCfg = Release|Any CPU
		{DDC90F1B-7275-4DBF-87A7-75F053F80AEF}.Release|Any CPU.Build.0 = Release|Any CPU
	EndGlobalSection
	GlobalSection(SolutionProperties) = preSolution
		HideSolutionNode = FALSE
	EndGlobalSection
	GlobalSection(ExtensibilityGlobals) = postSolution
		SolutionGuid = {7041C827-F083-4378-9435-370DFF91E7AD}
	EndGlobalSection
EndGlobal
